// !$*UTF8*$!
{
	archiveVersion = 1;
	classes = {
	};
	objectVersion = 55;
	objects = {

/* Begin PBXBuildFile section */
		0521D6DB143597BF9923815C /* Pods_iosTest.framework in Frameworks */ = {isa = PBXBuildFile; fileRef = D7F7CF35D07BBF2C528FF0C2 /* Pods_iosTest.framework */; };
		7A4B1716285C3E5700589A23 /* AppDelegate.swift in Sources */ = {isa = PBXBuildFile; fileRef = 7A4B1715285C3E5700589A23 /* AppDelegate.swift */; };
		7A4B1718285C3E5700589A23 /* SceneDelegate.swift in Sources */ = {isa = PBXBuildFile; fileRef = 7A4B1717285C3E5700589A23 /* SceneDelegate.swift */; };
		7A4B171D285C3E5700589A23 /* Main.storyboard in Resources */ = {isa = PBXBuildFile; fileRef = 7A4B171B285C3E5700589A23 /* Main.storyboard */; };
		7A4B171F285C3E5800589A23 /* Assets.xcassets in Resources */ = {isa = PBXBuildFile; fileRef = 7A4B171E285C3E5800589A23 /* Assets.xcassets */; };
		7A4B1722285C3E5800589A23 /* LaunchScreen.storyboard in Resources */ = {isa = PBXBuildFile; fileRef = 7A4B1720285C3E5800589A23 /* LaunchScreen.storyboard */; };
		7A4B172A285C402100589A23 /* LoginViewController.swift in Sources */ = {isa = PBXBuildFile; fileRef = 7A4B1729285C402100589A23 /* LoginViewController.swift */; };
		7A4B172C285C63D500589A23 /* HomeViewController.swift in Sources */ = {isa = PBXBuildFile; fileRef = 7A4B172B285C63D500589A23 /* HomeViewController.swift */; };
		7A4B172E285C759D00589A23 /* WebviewViewController.swift in Sources */ = {isa = PBXBuildFile; fileRef = 7A4B172D285C759D00589A23 /* WebviewViewController.swift */; };
		7A4B1730285C77CF00589A23 /* User.swift in Sources */ = {isa = PBXBuildFile; fileRef = 7A4B172F285C77CF00589A23 /* User.swift */; };
		7A4B1732285C7F4300589A23 /* UserViewController.swift in Sources */ = {isa = PBXBuildFile; fileRef = 7A4B1731285C7F4300589A23 /* UserViewController.swift */; };
		7A4B1734285C7F5200589A23 /* UserListViewController.swift in Sources */ = {isa = PBXBuildFile; fileRef = 7A4B1733285C7F5200589A23 /* UserListViewController.swift */; };
		7A4B1736285C7F7C00589A23 /* MapViewController.swift in Sources */ = {isa = PBXBuildFile; fileRef = 7A4B1735285C7F7C00589A23 /* MapViewController.swift */; };
		7A4B1738285C899800589A23 /* UserTableViewCell.swift in Sources */ = {isa = PBXBuildFile; fileRef = 7A4B1737285C899800589A23 /* UserTableViewCell.swift */; };
/* End PBXBuildFile section */

/* Begin PBXFileReference section */
		40D2E1D4C6756FAAB768BC24 /* Pods-iosTest.release.xcconfig */ = {isa = PBXFileReference; includeInIndex = 1; lastKnownFileType = text.xcconfig; name = "Pods-iosTest.release.xcconfig"; path = "Target Support Files/Pods-iosTest/Pods-iosTest.release.xcconfig"; sourceTree = "<group>"; };
		7A4B1712285C3E5700589A23 /* iosTest.app */ = {isa = PBXFileReference; explicitFileType = wrapper.application; includeInIndex = 0; path = iosTest.app; sourceTree = BUILT_PRODUCTS_DIR; };
		7A4B1715285C3E5700589A23 /* AppDelegate.swift */ = {isa = PBXFileReference; lastKnownFileType = sourcecode.swift; path = AppDelegate.swift; sourceTree = "<group>"; };
		7A4B1717285C3E5700589A23 /* SceneDelegate.swift */ = {isa = PBXFileReference; lastKnownFileType = sourcecode.swift; path = SceneDelegate.swift; sourceTree = "<group>"; };
		7A4B171C285C3E5700589A23 /* Base */ = {isa = PBXFileReference; lastKnownFileType = file.storyboard; name = Base; path = Base.lproj/Main.storyboard; sourceTree = "<group>"; };
		7A4B171E285C3E5800589A23 /* Assets.xcassets */ = {isa = PBXFileReference; lastKnownFileType = folder.assetcatalog; path = Assets.xcassets; sourceTree = "<group>"; };
		7A4B1721285C3E5800589A23 /* Base */ = {isa = PBXFileReference; lastKnownFileType = file.storyboard; name = Base; path = Base.lproj/LaunchScreen.storyboard; sourceTree = "<group>"; };
		7A4B1723285C3E5800589A23 /* Info.plist */ = {isa = PBXFileReference; lastKnownFileType = text.plist.xml; path = Info.plist; sourceTree = "<group>"; };
		7A4B1729285C402100589A23 /* LoginViewController.swift */ = {isa = PBXFileReference; lastKnownFileType = sourcecode.swift; path = LoginViewController.swift; sourceTree = "<group>"; };
		7A4B172B285C63D500589A23 /* HomeViewController.swift */ = {isa = PBXFileReference; lastKnownFileType = sourcecode.swift; path = HomeViewController.swift; sourceTree = "<group>"; };
		7A4B172D285C759D00589A23 /* WebviewViewController.swift */ = {isa = PBXFileReference; lastKnownFileType = sourcecode.swift; path = WebviewViewController.swift; sourceTree = "<group>"; };
		7A4B172F285C77CF00589A23 /* User.swift */ = {isa = PBXFileReference; lastKnownFileType = sourcecode.swift; path = User.swift; sourceTree = "<group>"; };
		7A4B1731285C7F4300589A23 /* UserViewController.swift */ = {isa = PBXFileReference; lastKnownFileType = sourcecode.swift; path = UserViewController.swift; sourceTree = "<group>"; };
		7A4B1733285C7F5200589A23 /* UserListViewController.swift */ = {isa = PBXFileReference; lastKnownFileType = sourcecode.swift; path = UserListViewController.swift; sourceTree = "<group>"; };
		7A4B1735285C7F7C00589A23 /* MapViewController.swift */ = {isa = PBXFileReference; lastKnownFileType = sourcecode.swift; path = MapViewController.swift; sourceTree = "<group>"; };
		7A4B1737285C899800589A23 /* UserTableViewCell.swift */ = {isa = PBXFileReference; lastKnownFileType = sourcecode.swift; path = UserTableViewCell.swift; sourceTree = "<group>"; };
		D7F7CF35D07BBF2C528FF0C2 /* Pods_iosTest.framework */ = {isa = PBXFileReference; explicitFileType = wrapper.framework; includeInIndex = 0; path = Pods_iosTest.framework; sourceTree = BUILT_PRODUCTS_DIR; };
		E5CC3F4E6476A1CC766F2CE2 /* Pods-iosTest.debug.xcconfig */ = {isa = PBXFileReference; includeInIndex = 1; lastKnownFileType = text.xcconfig; name = "Pods-iosTest.debug.xcconfig"; path = "Target Support Files/Pods-iosTest/Pods-iosTest.debug.xcconfig"; sourceTree = "<group>"; };
/* End PBXFileReference section */

/* Begin PBXFrameworksBuildPhase section */
		7A4B170F285C3E5700589A23 /* Frameworks */ = {
			isa = PBXFrameworksBuildPhase;
			buildActionMask = 2147483647;
			files = (
				0521D6DB143597BF9923815C /* Pods_iosTest.framework in Frameworks */,
			);
			runOnlyForDeploymentPostprocessing = 0;
		};
/* End PBXFrameworksBuildPhase section */

/* Begin PBXGroup section */
		07E9E4B96F04341701ABF37F /* Frameworks */ = {
			isa = PBXGroup;
			children = (
				D7F7CF35D07BBF2C528FF0C2 /* Pods_iosTest.framework */,
			);
			name = Frameworks;
			sourceTree = "<group>";
		};
		7A4B1709285C3E5700589A23 = {
			isa = PBXGroup;
			children = (
				7A4B1714285C3E5700589A23 /* iosTest */,
				7A4B1713285C3E5700589A23 /* Products */,
				A8607142D06DA98BF72BF2D4 /* Pods */,
				07E9E4B96F04341701ABF37F /* Frameworks */,
			);
			sourceTree = "<group>";
		};
		7A4B1713285C3E5700589A23 /* Products */ = {
			isa = PBXGroup;
			children = (
				7A4B1712285C3E5700589A23 /* iosTest.app */,
			);
			name = Products;
			sourceTree = "<group>";
		};
		7A4B1714285C3E5700589A23 /* iosTest */ = {
			isa = PBXGroup;
			children = (
				7A4B1715285C3E5700589A23 /* AppDelegate.swift */,
				7A4B1717285C3E5700589A23 /* SceneDelegate.swift */,
				7A4B1729285C402100589A23 /* LoginViewController.swift */,
				7A4B172B285C63D500589A23 /* HomeViewController.swift */,
				7A4B172D285C759D00589A23 /* WebviewViewController.swift */,
				7A4B172F285C77CF00589A23 /* User.swift */,
				7A4B1731285C7F4300589A23 /* UserViewController.swift */,
				7A4B1733285C7F5200589A23 /* UserListViewController.swift */,
				7A4B1735285C7F7C00589A23 /* MapViewController.swift */,
				7A4B1737285C899800589A23 /* UserTableViewCell.swift */,
				7A4B171B285C3E5700589A23 /* Main.storyboard */,
				7A4B171E285C3E5800589A23 /* Assets.xcassets */,
				7A4B1720285C3E5800589A23 /* LaunchScreen.storyboard */,
				7A4B1723285C3E5800589A23 /* Info.plist */,
			);
			path = iosTest;
			sourceTree = "<group>";
		};
		A8607142D06DA98BF72BF2D4 /* Pods */ = {
			isa = PBXGroup;
			children = (
				E5CC3F4E6476A1CC766F2CE2 /* Pods-iosTest.debug.xcconfig */,
				40D2E1D4C6756FAAB768BC24 /* Pods-iosTest.release.xcconfig */,
			);
			path = Pods;
			sourceTree = "<group>";
		};
/* End PBXGroup section */

/* Begin PBXNativeTarget section */
		7A4B1711285C3E5700589A23 /* iosTest */ = {
			isa = PBXNativeTarget;
			buildConfigurationList = 7A4B1726285C3E5800589A23 /* Build configuration list for PBXNativeTarget "iosTest" */;
			buildPhases = (
				35E248993E151548835EA186 /* [CP] Check Pods Manifest.lock */,
				7A4B170E285C3E5700589A23 /* Sources */,
				7A4B170F285C3E5700589A23 /* Frameworks */,
				7A4B1710285C3E5700589A23 /* Resources */,
				EBC76762316F640F80A6942D /* [CP] Embed Pods Frameworks */,
			);
			buildRules = (
			);
			dependencies = (
			);
			name = iosTest;
			productName = iosTest;
			productReference = 7A4B1712285C3E5700589A23 /* iosTest.app */;
			productType = "com.apple.product-type.application";
		};
/* End PBXNativeTarget section */

/* Begin PBXProject section */
		7A4B170A285C3E5700589A23 /* Project object */ = {
			isa = PBXProject;
			attributes = {
				BuildIndependentTargetsInParallel = 1;
				LastSwiftUpdateCheck = 1310;
				LastUpgradeCheck = 1310;
				TargetAttributes = {
					7A4B1711285C3E5700589A23 = {
						CreatedOnToolsVersion = 13.1;
					};
				};
			};
			buildConfigurationList = 7A4B170D285C3E5700589A23 /* Build configuration list for PBXProject "iosTest" */;
			compatibilityVersion = "Xcode 13.0";
			developmentRegion = en;
			hasScannedForEncodings = 0;
			knownRegions = (
				en,
				Base,
			);
			mainGroup = 7A4B1709285C3E5700589A23;
			productRefGroup = 7A4B1713285C3E5700589A23 /* Products */;
			projectDirPath = "";
			projectRoot = "";
			targets = (
				7A4B1711285C3E5700589A23 /* iosTest */,
			);
		};
/* End PBXProject section */

/* Begin PBXResourcesBuildPhase section */
		7A4B1710285C3E5700589A23 /* Resources */ = {
			isa = PBXResourcesBuildPhase;
			buildActionMask = 2147483647;
			files = (
				7A4B1722285C3E5800589A23 /* LaunchScreen.storyboard in Resources */,
				7A4B171F285C3E5800589A23 /* Assets.xcassets in Resources */,
				7A4B171D285C3E5700589A23 /* Main.storyboard in Resources */,
			);
			runOnlyForDeploymentPostprocessing = 0;
		};
/* End PBXResourcesBuildPhase section */

/* Begin PBXShellScriptBuildPhase section */
		35E248993E151548835EA186 /* [CP] Check Pods Manifest.lock */ = {
			isa = PBXShellScriptBuildPhase;
			buildActionMask = 2147483647;
			files = (
			);
			inputFileListPaths = (
			);
			inputPaths = (
				"${PODS_PODFILE_DIR_PATH}/Podfile.lock",
				"${PODS_ROOT}/Manifest.lock",
			);
			name = "[CP] Check Pods Manifest.lock";
			outputFileListPaths = (
			);
			outputPaths = (
				"$(DERIVED_FILE_DIR)/Pods-iosTest-checkManifestLockResult.txt",
			);
			runOnlyForDeploymentPostprocessing = 0;
			shellPath = /bin/sh;
			shellScript = "diff \"${PODS_PODFILE_DIR_PATH}/Podfile.lock\" \"${PODS_ROOT}/Manifest.lock\" > /dev/null\nif [ $? != 0 ] ; then\n    # print error to STDERR\n    echo \"error: The sandbox is not in sync with the Podfile.lock. Run 'pod install' or update your CocoaPods installation.\" >&2\n    exit 1\nfi\n# This output is used by Xcode 'outputs' to avoid re-running this script phase.\necho \"SUCCESS\" > \"${SCRIPT_OUTPUT_FILE_0}\"\n";
			showEnvVarsInLog = 0;
		};
		EBC76762316F640F80A6942D /* [CP] Embed Pods Frameworks */ = {
			isa = PBXShellScriptBuildPhase;
			buildActionMask = 2147483647;
			files = (
			);
			inputFileListPaths = (
				"${PODS_ROOT}/Target Support Files/Pods-iosTest/Pods-iosTest-frameworks-${CONFIGURATION}-input-files.xcfilelist",
			);
			name = "[CP] Embed Pods Frameworks";
			outputFileListPaths = (
				"${PODS_ROOT}/Target Support Files/Pods-iosTest/Pods-iosTest-frameworks-${CONFIGURATION}-output-files.xcfilelist",
			);
			runOnlyForDeploymentPostprocessing = 0;
			shellPath = /bin/sh;
			shellScript = "\"${PODS_ROOT}/Target Support Files/Pods-iosTest/Pods-iosTest-frameworks.sh\"\n";
			showEnvVarsInLog = 0;
		};
/* End PBXShellScriptBuildPhase section */

/* Begin PBXSourcesBuildPhase section */
		7A4B170E285C3E5700589A23 /* Sources */ = {
			isa = PBXSourcesBuildPhase;
			buildActionMask = 2147483647;
			files = (
				7A4B1732285C7F4300589A23 /* UserViewController.swift in Sources */,
				7A4B1734285C7F5200589A23 /* UserListViewController.swift in Sources */,
				7A4B172A285C402100589A23 /* LoginViewController.swift in Sources */,
				7A4B172E285C759D00589A23 /* WebviewViewController.swift in Sources */,
				7A4B1738285C899800589A23 /* UserTableViewCell.swift in Sources */,
				7A4B1736285C7F7C00589A23 /* MapViewController.swift in Sources */,
				7A4B1730285C77CF00589A23 /* User.swift in Sources */,
				7A4B1716285C3E5700589A23 /* AppDelegate.swift in Sources */,
				7A4B1718285C3E5700589A23 /* SceneDelegate.swift in Sources */,
				7A4B172C285C63D500589A23 /* HomeViewController.swift in Sources */,
			);
			runOnlyForDeploymentPostprocessing = 0;
		};
/* End PBXSourcesBuildPhase section */

/* Begin PBXVariantGroup section */
		7A4B171B285C3E5700589A23 /* Main.storyboard */ = {
			isa = PBXVariantGroup;
			children = (
				7A4B171C285C3E5700589A23 /* Base */,
			);
			name = Main.storyboard;
			sourceTree = "<group>";
		};
		7A4B1720285C3E5800589A23 /* LaunchScreen.storyboard */ = {
			isa = PBXVariantGroup;
			children = (
				7A4B1721285C3E5800589A23 /* Base */,
			);
			name = LaunchScreen.storyboard;
			sourceTree = "<group>";
		};
/* End PBXVariantGroup section */

/* Begin XCBuildConfiguration section */
		7A4B1724285C3E5800589A23 /* Debug */ = {
			isa = XCBuildConfiguration;
			buildSettings = {
				ALWAYS_SEARCH_USER_PATHS = NO;
				CLANG_ANALYZER_NONNULL = YES;
				CLANG_ANALYZER_NUMBER_OBJECT_CONVERSION = YES_AGGRESSIVE;
				CLANG_CXX_LANGUAGE_STANDARD = "gnu++17";
				CLANG_CXX_LIBRARY = "libc++";
				CLANG_ENABLE_MODULES = YES;
				CLANG_ENABLE_OBJC_ARC = YES;
				CLANG_ENABLE_OBJC_WEAK = YES;
				CLANG_WARN_BLOCK_CAPTURE_AUTORELEASING = YES;
				CLANG_WARN_BOOL_CONVERSION = YES;
				CLANG_WARN_COMMA = YES;
				CLANG_WARN_CONSTANT_CONVERSION = YES;
				CLANG_WARN_DEPRECATED_OBJC_IMPLEMENTATIONS = YES;
				CLANG_WARN_DIRECT_OBJC_ISA_USAGE = YES_ERROR;
				CLANG_WARN_DOCUMENTATION_COMMENTS = YES;
				CLANG_WARN_EMPTY_BODY = YES;
				CLANG_WARN_ENUM_CONVERSION = YES;
				CLANG_WARN_INFINITE_RECURSION = YES;
				CLANG_WARN_INT_CONVERSION = YES;
				CLANG_WARN_NON_LITERAL_NULL_CONVERSION = YES;
				CLANG_WARN_OBJC_IMPLICIT_RETAIN_SELF = YES;
				CLANG_WARN_OBJC_LITERAL_CONVERSION = YES;
				CLANG_WARN_OBJC_ROOT_CLASS = YES_ERROR;
				CLANG_WARN_QUOTED_INCLUDE_IN_FRAMEWORK_HEADER = YES;
				CLANG_WARN_RANGE_LOOP_ANALYSIS = YES;
				CLANG_WARN_STRICT_PROTOTYPES = YES;
				CLANG_WARN_SUSPICIOUS_MOVE = YES;
				CLANG_WARN_UNGUARDED_AVAILABILITY = YES_AGGRESSIVE;
				CLANG_WARN_UNREACHABLE_CODE = YES;
				CLANG_WARN__DUPLICATE_METHOD_MATCH = YES;
				COPY_PHASE_STRIP = NO;
				DEBUG_INFORMATION_FORMAT = dwarf;
				ENABLE_STRICT_OBJC_MSGSEND = YES;
				ENABLE_TESTABILITY = YES;
				GCC_C_LANGUAGE_STANDARD = gnu11;
				GCC_DYNAMIC_NO_PIC = NO;
				GCC_NO_COMMON_BLOCKS = YES;
				GCC_OPTIMIZATION_LEVEL = 0;
				GCC_PREPROCESSOR_DEFINITIONS = (
					"DEBUG=1",
					"$(inherited)",
				);
				GCC_WARN_64_TO_32_BIT_CONVERSION = YES;
				GCC_WARN_ABOUT_RETURN_TYPE = YES_ERROR;
				GCC_WARN_UNDECLARED_SELECTOR = YES;
				GCC_WARN_UNINITIALIZED_AUTOS = YES_AGGRESSIVE;
				GCC_WARN_UNUSED_FUNCTION = YES;
				GCC_WARN_UNUSED_VARIABLE = YES;
				IPHONEOS_DEPLOYMENT_TARGET = 15.0;
				MTL_ENABLE_DEBUG_INFO = INCLUDE_SOURCE;
				MTL_FAST_MATH = YES;
				ONLY_ACTIVE_ARCH = YES;
				SDKROOT = iphoneos;
				SWIFT_ACTIVE_COMPILATION_CONDITIONS = DEBUG;
				SWIFT_OPTIMIZATION_LEVEL = "-Onone";
			};
			name = Debug;
		};
		7A4B1725285C3E5800589A23 /* Release */ = {
			isa = XCBuildConfiguration;
			buildSettings = {
				ALWAYS_SEARCH_USER_PATHS = NO;
				CLANG_ANALYZER_NONNULL = YES;
				CLANG_ANALYZER_NUMBER_OBJECT_CONVERSION = YES_AGGRESSIVE;
				CLANG_CXX_LANGUAGE_STANDARD = "gnu++17";
				CLANG_CXX_LIBRARY = "libc++";
				CLANG_ENABLE_MODULES = YES;
				CLANG_ENABLE_OBJC_ARC = YES;
				CLANG_ENABLE_OBJC_WEAK = YES;
				CLANG_WARN_BLOCK_CAPTURE_AUTORELEASING = YES;
				CLANG_WARN_BOOL_CONVERSION = YES;
				CLANG_WARN_COMMA = YES;
				CLANG_WARN_CONSTANT_CONVERSION = YES;
				CLANG_WARN_DEPRECATED_OBJC_IMPLEMENTATIONS = YES;
				CLANG_WARN_DIRECT_OBJC_ISA_USAGE = YES_ERROR;
				CLANG_WARN_DOCUMENTATION_COMMENTS = YES;
				CLANG_WARN_EMPTY_BODY = YES;
				CLANG_WARN_ENUM_CONVERSION = YES;
				CLANG_WARN_INFINITE_RECURSION = YES;
				CLANG_WARN_INT_CONVERSION = YES;
				CLANG_WARN_NON_LITERAL_NULL_CONVERSION = YES;
				CLANG_WARN_OBJC_IMPLICIT_RETAIN_SELF = YES;
				CLANG_WARN_OBJC_LITERAL_CONVERSION = YES;
				CLANG_WARN_OBJC_ROOT_CLASS = YES_ERROR;
				CLANG_WARN_QUOTED_INCLUDE_IN_FRAMEWORK_HEADER = YES;
				CLANG_WARN_RANGE_LOOP_ANALYSIS = YES;
				CLANG_WARN_STRICT_PROTOTYPES = YES;
				CLANG_WARN_SUSPICIOUS_MOVE = YES;
				CLANG_WARN_UNGUARDED_AVAILABILITY = YES_AGGRESSIVE;
				CLANG_WARN_UNREACHABLE_CODE = YES;
				CLANG_WARN__DUPLICATE_METHOD_MATCH = YES;
				COPY_PHASE_STRIP = NO;
				DEBUG_INFORMATION_FORMAT = "dwarf-with-dsym";
				ENABLE_NS_ASSERTIONS = NO;
				ENABLE_STRICT_OBJC_MSGSEND = YES;
				GCC_C_LANGUAGE_STANDARD = gnu11;
				GCC_NO_COMMON_BLOCKS = YES;
				GCC_WARN_64_TO_32_BIT_CONVERSION = YES;
				GCC_WARN_ABOUT_RETURN_TYPE = YES_ERROR;
				GCC_WARN_UNDECLARED_SELECTOR = YES;
				GCC_WARN_UNINITIALIZED_AUTOS = YES_AGGRESSIVE;
				GCC_WARN_UNUSED_FUNCTION = YES;
				GCC_WARN_UNUSED_VARIABLE = YES;
				IPHONEOS_DEPLOYMENT_TARGET = 15.0;
				MTL_ENABLE_DEBUG_INFO = NO;
				MTL_FAST_MATH = YES;
				SDKROOT = iphoneos;
				SWIFT_COMPILATION_MODE = wholemodule;
				SWIFT_OPTIMIZATION_LEVEL = "-O";
				VALIDATE_PRODUCT = YES;
			};
			name = Release;
		};
		7A4B1727285C3E5800589A23 /* Debug */ = {
			isa = XCBuildConfiguration;
			baseConfigurationReference = E5CC3F4E6476A1CC766F2CE2 /* Pods-iosTest.debug.xcconfig */;
			buildSettings = {
				ASSETCATALOG_COMPILER_APPICON_NAME = AppIcon;
				ASSETCATALOG_COMPILER_GLOBAL_ACCENT_COLOR_NAME = AccentColor;
				CODE_SIGN_STYLE = Automatic;
				CURRENT_PROJECT_VERSION = 1;
				DEVELOPMENT_TEAM = 6Q7JFK5S7V;
				GENERATE_INFOPLIST_FILE = YES;
				INFOPLIST_FILE = iosTest/Info.plist;
				INFOPLIST_KEY_UIApplicationSupportsIndirectInputEvents = YES;
				INFOPLIST_KEY_UILaunchStoryboardName = LaunchScreen;
				INFOPLIST_KEY_UIMainStoryboardFile = Main;
				INFOPLIST_KEY_UISupportedInterfaceOrientations = UIInterfaceOrientationPortrait;
				INFOPLIST_KEY_UISupportedInterfaceOrientations_iPad = "UIInterfaceOrientationPortrait UIInterfaceOrientationPortraitUpsideDown UIInterfaceOrientationLandscapeLeft UIInterfaceOrientationLandscapeRight";
				INFOPLIST_KEY_UISupportedInterfaceOrientations_iPhone = "UIInterfaceOrientationPortrait UIInterfaceOrientationLandscapeLeft UIInterfaceOrientationLandscapeRight";
				LD_RUNPATH_SEARCH_PATHS = (
					"$(inherited)",
					"@executable_path/Frameworks",
				);
				MARKETING_VERSION = 1.0;
				PRODUCT_BUNDLE_IDENTIFIER = Me.iosTest;
				PRODUCT_NAME = "$(TARGET_NAME)";
				SWIFT_EMIT_LOC_STRINGS = YES;
				SWIFT_VERSION = 5.0;
				TARGETED_DEVICE_FAMILY = "1,2";
			};
			name = Debug;
		};
		7A4B1728285C3E5800589A23 /* Release */ = {
			isa = XCBuildConfiguration;
			baseConfigurationReference = 40D2E1D4C6756FAAB768BC24 /* Pods-iosTest.release.xcconfig */;
			buildSettings = {
				ASSETCATALOG_COMPILER_APPICON_NAME = AppIcon;
				ASSETCATALOG_COMPILER_GLOBAL_ACCENT_COLOR_NAME = AccentColor;
				CODE_SIGN_STYLE = Automatic;
				CURRENT_PROJECT_VERSION = 1;
				DEVELOPMENT_TEAM = 6Q7JFK5S7V;
				GENERATE_INFOPLIST_FILE = YES;
				INFOPLIST_FILE = iosTest/Info.plist;
				INFOPLIST_KEY_UIApplicationSupportsIndirectInputEvents = YES;
				INFOPLIST_KEY_UILaunchStoryboardName = LaunchScreen;
				INFOPLIST_KEY_UIMainStoryboardFile = Main;
				INFOPLIST_KEY_UISupportedInterfaceOrientations = UIInterfaceOrientationPortrait;
				INFOPLIST_KEY_UISupportedInterfaceOrientations_iPad = "UIInterfaceOrientationPortrait UIInterfaceOrientationPortraitUpsideDown UIInterfaceOrientationLandscapeLeft UIInterfaceOrientationLandscapeRight";
				INFOPLIST_KEY_UISupportedInterfaceOrientations_iPhone = "UIInterfaceOrientationPortrait UIInterfaceOrientationLandscapeLeft UIInterfaceOrientationLandscapeRight";
				LD_RUNPATH_SEARCH_PATHS = (
					"$(inherited)",
					"@executable_path/Frameworks",
				);
				MARKETING_VERSION = 1.0;
				PRODUCT_BUNDLE_IDENTIFIER = Me.iosTest;
				PRODUCT_NAME = "$(TARGET_NAME)";
				SWIFT_EMIT_LOC_STRINGS = YES;
				SWIFT_VERSION = 5.0;
				TARGETED_DEVICE_FAMILY = "1,2";
			};
			name = Release;
		};
/* End XCBuildConfiguration section */

/* Begin XCConfigurationList section */
		7A4B170D285C3E5700589A23 /* Build configuration list for PBXProject "iosTest" */ = {
			isa = XCConfigurationList;
			buildConfigurations = (
				7A4B1724285C3E5800589A23 /* Debug */,
				7A4B1725285C3E5800589A23 /* Release */,
			);
			defaultConfigurationIsVisible = 0;
			defaultConfigurationName = Release;
		};
		7A4B1726285C3E5800589A23 /* Build configuration list for PBXNativeTarget "iosTest" */ = {
			isa = XCConfigurationList;
			buildConfigurations = (
				7A4B1727285C3E5800589A23 /* Debug */,
				7A4B1728285C3E5800589A23 /* Release */,
			);
			defaultConfigurationIsVisible = 0;
			defaultConfigurationName = Release;
		};
/* End XCConfigurationList section */
	};
	rootObject = 7A4B170A285C3E5700589A23 /* Project object */;
}
